github.com/chaosi-zju/Test/a v0.0.0-20220712171239-254c8b389d0c h1:Xi/lZaN7uRnNPdNaoelakJ6JzkJe+lF320RNspjkv2U=
github.com/chaosi-zju/Test/a v0.0.0-20220712171239-254c8b389d0c/go.mod h1:1kvC4Hlg/s2/ZpclUFLQ6tkVG3ivXeAEM9gllsmBKRk=
github.com/chaosi-zju/Test/b v0.0.0-20220712171239-254c8b389d0c h1:Us7CgbvWgVro624eSEbLt9d8TiSD0wqMGGoE0LRmH70=
github.com/chaosi-zju/Test/b v0.0.0-20220712171239-254c8b389d0c/go.mod h1:rEW2JJHDwAkNZsjxxRO4+etsYBhGY6gLB097Tlm9A/I=
